// !$*UTF8*$!
{
	archiveVersion = 1;
	classes = {
	};
	objectVersion = 56;
	objects = {

/* Begin PBXBuildFile section */
		61779C8D2A18778600E45B1E /* BeatBildr Watch App.app in Embed Watch Content */ = {isa = PBXBuildFile; fileRef = 61779C8C2A18778600E45B1E /* BeatBildr Watch App.app */; settings = {ATTRIBUTES = (RemoveHeadersOnCopy, ); }; };
		61779C922A18778600E45B1E /* BeatBildrApp.swift in Sources */ = {isa = PBXBuildFile; fileRef = 61779C912A18778600E45B1E /* BeatBildrApp.swift */; };
		61779C942A18778600E45B1E /* ContentView.swift in Sources */ = {isa = PBXBuildFile; fileRef = 61779C932A18778600E45B1E /* ContentView.swift */; };
		61779C962A18778700E45B1E /* Assets.xcassets in Resources */ = {isa = PBXBuildFile; fileRef = 61779C952A18778700E45B1E /* Assets.xcassets */; };
		61779C992A18778700E45B1E /* Preview Assets.xcassets in Resources */ = {isa = PBXBuildFile; fileRef = 61779C982A18778700E45B1E /* Preview Assets.xcassets */; };
/* End PBXBuildFile section */

/* Begin PBXContainerItemProxy section */
		61779C8E2A18778600E45B1E /* PBXContainerItemProxy */ = {
			isa = PBXContainerItemProxy;
			containerPortal = 61779C802A18778600E45B1E /* Project object */;
			proxyType = 1;
			remoteGlobalIDString = 61779C8B2A18778600E45B1E;
			remoteInfo = "BeatBildr Watch App";
		};
/* End PBXContainerItemProxy section */

/* Begin PBXCopyFilesBuildPhase section */
		61779C9F2A18778700E45B1E /* Embed Watch Content */ = {
			isa = PBXCopyFilesBuildPhase;
			buildActionMask = 2147483647;
			dstPath = "$(CONTENTS_FOLDER_PATH)/Watch";
			dstSubfolderSpec = 16;
			files = (
				61779C8D2A18778600E45B1E /* BeatBildr Watch App.app in Embed Watch Content */,
			);
			name = "Embed Watch Content";
			runOnlyForDeploymentPostprocessing = 0;
		};
/* End PBXCopyFilesBuildPhase section */

/* Begin PBXFileReference section */
		61779C862A18778600E45B1E /* BeatBildr.app */ = {isa = PBXFileReference; explicitFileType = wrapper.application; includeInIndex = 0; path = BeatBildr.app; sourceTree = BUILT_PRODUCTS_DIR; };
		61779C8C2A18778600E45B1E /* BeatBildr Watch App.app */ = {isa = PBXFileReference; explicitFileType = wrapper.application; includeInIndex = 0; path = "BeatBildr Watch App.app"; sourceTree = BUILT_PRODUCTS_DIR; };
		61779C912A18778600E45B1E /* BeatBildrApp.swift */ = {isa = PBXFileReference; lastKnownFileType = sourcecode.swift; path = BeatBildrApp.swift; sourceTree = "<group>"; };
		61779C932A18778600E45B1E /* ContentView.swift */ = {isa = PBXFileReference; lastKnownFileType = sourcecode.swift; path = ContentView.swift; sourceTree = "<group>"; };
		61779C952A18778700E45B1E /* Assets.xcassets */ = {isa = PBXFileReference; lastKnownFileType = folder.assetcatalog; path = Assets.xcassets; sourceTree = "<group>"; };
		61779C982A18778700E45B1E /* Preview Assets.xcassets */ = {isa = PBXFileReference; lastKnownFileType = folder.assetcatalog; path = "Preview Assets.xcassets"; sourceTree = "<group>"; };
/* End PBXFileReference section */

/* Begin PBXFrameworksBuildPhase section */
		61779C892A18778600E45B1E /* Frameworks */ = {
			isa = PBXFrameworksBuildPhase;
			buildActionMask = 2147483647;
			files = (
			);
			runOnlyForDeploymentPostprocessing = 0;
		};
/* End PBXFrameworksBuildPhase section */

/* Begin PBXGroup section */
		61779C7F2A18778600E45B1E = {
			isa = PBXGroup;
			children = (
				61779C902A18778600E45B1E /* BeatBildr Watch App */,
				61779C872A18778600E45B1E /* Products */,
			);
			sourceTree = "<group>";
		};
		61779C872A18778600E45B1E /* Products */ = {
			isa = PBXGroup;
			children = (
				61779C862A18778600E45B1E /* BeatBildr.app */,
				61779C8C2A18778600E45B1E /* BeatBildr Watch App.app */,
			);
			name = Products;
			sourceTree = "<group>";
		};
		61779C902A18778600E45B1E /* BeatBildr Watch App */ = {
			isa = PBXGroup;
			children = (
				61779C912A18778600E45B1E /* BeatBildrApp.swift */,
				61779C932A18778600E45B1E /* ContentView.swift */,
				61779C952A18778700E45B1E /* Assets.xcassets */,
				61779C972A18778700E45B1E /* Preview Content */,
			);
			path = "BeatBildr Watch App";
			sourceTree = "<group>";
		};
		61779C972A18778700E45B1E /* Preview Content */ = {
			isa = PBXGroup;
			children = (
				61779C982A18778700E45B1E /* Preview Assets.xcassets */,
			);
			path = "Preview Content";
			sourceTree = "<group>";
		};
/* End PBXGroup section */

/* Begin PBXNativeTarget section */
		61779C852A18778600E45B1E /* BeatBildr */ = {
			isa = PBXNativeTarget;
			buildConfigurationList = 61779CA02A18778700E45B1E /* Build configuration list for PBXNativeTarget "BeatBildr" */;
			buildPhases = (
				61779C842A18778600E45B1E /* Resources */,
				61779C9F2A18778700E45B1E /* Embed Watch Content */,
			);
			buildRules = (
			);
			dependencies = (
				61779C8F2A18778600E45B1E /* PBXTargetDependency */,
			);
			name = BeatBildr;
			productName = BeatBildr;
			productReference = 61779C862A18778600E45B1E /* BeatBildr.app */;
			productType = "com.apple.product-type.application.watchapp2-container";
		};
		61779C8B2A18778600E45B1E /* BeatBildr Watch App */ = {
			isa = PBXNativeTarget;
			buildConfigurationList = 61779C9C2A18778700E45B1E /* Build configuration list for PBXNativeTarget "BeatBildr Watch App" */;
			buildPhases = (
				61779C882A18778600E45B1E /* Sources */,
				61779C892A18778600E45B1E /* Frameworks */,
				61779C8A2A18778600E45B1E /* Resources */,
			);
			buildRules = (
			);
			dependencies = (
			);
			name = "BeatBildr Watch App";
			productName = "BeatBildr Watch App";
			productReference = 61779C8C2A18778600E45B1E /* BeatBildr Watch App.app */;
			productType = "com.apple.product-type.application";
		};
/* End PBXNativeTarget section */

/* Begin PBXProject section */
		61779C802A18778600E45B1E /* Project object */ = {
			isa = PBXProject;
			attributes = {
				BuildIndependentTargetsInParallel = 1;
				LastSwiftUpdateCheck = 1430;
				LastUpgradeCheck = 1430;
				TargetAttributes = {
					61779C852A18778600E45B1E = {
						CreatedOnToolsVersion = 14.3;
					};
					61779C8B2A18778600E45B1E = {
						CreatedOnToolsVersion = 14.3;
					};
				};
			};
			buildConfigurationList = 61779C832A18778600E45B1E /* Build configuration list for PBXProject "BeatBildr" */;
			compatibilityVersion = "Xcode 14.0";
			developmentRegion = en;
			hasScannedForEncodings = 0;
			knownRegions = (
				en,
				Base,
			);
			mainGroup = 61779C7F2A18778600E45B1E;
			productRefGroup = 61779C872A18778600E45B1E /* Products */;
			projectDirPath = "";
			projectRoot = "";
			targets = (
				61779C852A18778600E45B1E /* BeatBildr */,
				61779C8B2A18778600E45B1E /* BeatBildr Watch App */,
			);
		};
/* End PBXProject section */

/* Begin PBXResourcesBuildPhase section */
		61779C842A18778600E45B1E /* Resources */ = {
			isa = PBXResourcesBuildPhase;
			buildActionMask = 2147483647;
			files = (
			);
			runOnlyForDeploymentPostprocessing = 0;
		};
		61779C8A2A18778600E45B1E /* Resources */ = {
			isa = PBXResourcesBuildPhase;
			buildActionMask = 2147483647;
			files = (
				61779C992A18778700E45B1E /* Preview Assets.xcassets in Resources */,
				61779C962A18778700E45B1E /* Assets.xcassets in Resources */,
			);
			runOnlyForDeploymentPostprocessing = 0;
		};
/* End PBXResourcesBuildPhase section */

/* Begin PBXSourcesBuildPhase section */
		61779C882A18778600E45B1E /* Sources */ = {
			isa = PBXSourcesBuildPhase;
			buildActionMask = 2147483647;
			files = (
				61779C942A18778600E45B1E /* ContentView.swift in Sources */,
				61779C922A18778600E45B1E /* BeatBildrApp.swift in Sources */,
			);
			runOnlyForDeploymentPostprocessing = 0;
		};
/* End PBXSourcesBuildPhase section */

/* Begin PBXTargetDependency section */
		61779C8F2A18778600E45B1E /* PBXTargetDependency */ = {
			isa = PBXTargetDependency;
			target = 61779C8B2A18778600E45B1E /* BeatBildr Watch App */;
			targetProxy = 61779C8E2A18778600E45B1E /* PBXContainerItemProxy */;
		};
/* End PBXTargetDependency section */

/* Begin XCBuildConfiguration section */
		61779C9A2A18778700E45B1E /* Debug */ = {
			isa = XCBuildConfiguration;
			buildSettings = {
				ALWAYS_SEARCH_USER_PATHS = NO;
				CLANG_ANALYZER_NONNULL = YES;
				CLANG_ANALYZER_NUMBER_OBJECT_CONVERSION = YES_AGGRESSIVE;
				CLANG_CXX_LANGUAGE_STANDARD = "gnu++20";
				CLANG_ENABLE_MODULES = YES;
				CLANG_ENABLE_OBJC_ARC = YES;
				CLANG_ENABLE_OBJC_WEAK = YES;
				CLANG_WARN_BLOCK_CAPTURE_AUTORELEASING = YES;
				CLANG_WARN_BOOL_CONVERSION = YES;
				CLANG_WARN_COMMA = YES;
				CLANG_WARN_CONSTANT_CONVERSION = YES;
				CLANG_WARN_DEPRECATED_OBJC_IMPLEMENTATIONS = YES;
				CLANG_WARN_DIRECT_OBJC_ISA_USAGE = YES_ERROR;
				CLANG_WARN_DOCUMENTATION_COMMENTS = YES;
				CLANG_WARN_EMPTY_BODY = YES;
				CLANG_WARN_ENUM_CONVERSION = YES;
				CLANG_WARN_INFINITE_RECURSION = YES;
				CLANG_WARN_INT_CONVERSION = YES;
				CLANG_WARN_NON_LITERAL_NULL_CONVERSION = YES;
				CLANG_WARN_OBJC_IMPLICIT_RETAIN_SELF = YES;
				CLANG_WARN_OBJC_LITERAL_CONVERSION = YES;
				CLANG_WARN_OBJC_ROOT_CLASS = YES_ERROR;
				CLANG_WARN_QUOTED_INCLUDE_IN_FRAMEWORK_HEADER = YES;
				CLANG_WARN_RANGE_LOOP_ANALYSIS = YES;
				CLANG_WARN_STRICT_PROTOTYPES = YES;
				CLANG_WARN_SUSPICIOUS_MOVE = YES;
				CLANG_WARN_UNGUARDED_AVAILABILITY = YES_AGGRESSIVE;
				CLANG_WARN_UNREACHABLE_CODE = YES;
				CLANG_WARN__DUPLICATE_METHOD_MATCH = YES;
				COPY_PHASE_STRIP = NO;
				DEBUG_INFORMATION_FORMAT = dwarf;
				ENABLE_STRICT_OBJC_MSGSEND = YES;
				ENABLE_TESTABILITY = YES;
				GCC_C_LANGUAGE_STANDARD = gnu11;
				GCC_DYNAMIC_NO_PIC = NO;
				GCC_NO_COMMON_BLOCKS = YES;
				GCC_OPTIMIZATION_LEVEL = 0;
				GCC_PREPROCESSOR_DEFINITIONS = (
					"DEBUG=1",
					"$(inherited)",
				);
				GCC_WARN_64_TO_32_BIT_CONVERSION = YES;
				GCC_WARN_ABOUT_RETURN_TYPE = YES_ERROR;
				GCC_WARN_UNDECLARED_SELECTOR = YES;
				GCC_WARN_UNINITIALIZED_AUTOS = YES_AGGRESSIVE;
				GCC_WARN_UNUSED_FUNCTION = YES;
				GCC_WARN_UNUSED_VARIABLE = YES;
				MTL_ENABLE_DEBUG_INFO = INCLUDE_SOURCE;
				MTL_FAST_MATH = YES;
				ONLY_ACTIVE_ARCH = YES;
				SWIFT_ACTIVE_COMPILATION_CONDITIONS = DEBUG;
				SWIFT_OPTIMIZATION_LEVEL = "-Onone";
			};
			name = Debug;
		};
		61779C9B2A18778700E45B1E /* Release */ = {
			isa = XCBuildConfiguration;
			buildSettings = {
				ALWAYS_SEARCH_USER_PATHS = NO;
				CLANG_ANALYZER_NONNULL = YES;
				CLANG_ANALYZER_NUMBER_OBJECT_CONVERSION = YES_AGGRESSIVE;
				CLANG_CXX_LANGUAGE_STANDARD = "gnu++20";
				CLANG_ENABLE_MODULES = YES;
				CLANG_ENABLE_OBJC_ARC = YES;
				CLANG_ENABLE_OBJC_WEAK = YES;
				CLANG_WARN_BLOCK_CAPTURE_AUTORELEASING = YES;
				CLANG_WARN_BOOL_CONVERSION = YES;
				CLANG_WARN_COMMA = YES;
				CLANG_WARN_CONSTANT_CONVERSION = YES;
				CLANG_WARN_DEPRECATED_OBJC_IMPLEMENTATIONS = YES;
				CLANG_WARN_DIRECT_OBJC_ISA_USAGE = YES_ERROR;
				CLANG_WARN_DOCUMENTATION_COMMENTS = YES;
				CLANG_WARN_EMPTY_BODY = YES;
				CLANG_WARN_ENUM_CONVERSION = YES;
				CLANG_WARN_INFINITE_RECURSION = YES;
				CLANG_WARN_INT_CONVERSION = YES;
				CLANG_WARN_NON_LITERAL_NULL_CONVERSION = YES;
				CLANG_WARN_OBJC_IMPLICIT_RETAIN_SELF = YES;
				CLANG_WARN_OBJC_LITERAL_CONVERSION = YES;
				CLANG_WARN_OBJC_ROOT_CLASS = YES_ERROR;
				CLANG_WARN_QUOTED_INCLUDE_IN_FRAMEWORK_HEADER = YES;
				CLANG_WARN_RANGE_LOOP_ANALYSIS = YES;
				CLANG_WARN_STRICT_PROTOTYPES = YES;
				CLANG_WARN_SUSPICIOUS_MOVE = YES;
				CLANG_WARN_UNGUARDED_AVAILABILITY = YES_AGGRESSIVE;
				CLANG_WARN_UNREACHABLE_CODE = YES;
				CLANG_WARN__DUPLICATE_METHOD_MATCH = YES;
				COPY_PHASE_STRIP = NO;
				DEBUG_INFORMATION_FORMAT = "dwarf-with-dsym";
				ENABLE_NS_ASSERTIONS = NO;
				ENABLE_STRICT_OBJC_MSGSEND = YES;
				GCC_C_LANGUAGE_STANDARD = gnu11;
				GCC_NO_COMMON_BLOCKS = YES;
				GCC_WARN_64_TO_32_BIT_CONVERSION = YES;
				GCC_WARN_ABOUT_RETURN_TYPE = YES_ERROR;
				GCC_WARN_UNDECLARED_SELECTOR = YES;
				GCC_WARN_UNINITIALIZED_AUTOS = YES_AGGRESSIVE;
				GCC_WARN_UNUSED_FUNCTION = YES;
				GCC_WARN_UNUSED_VARIABLE = YES;
				MTL_ENABLE_DEBUG_INFO = NO;
				MTL_FAST_MATH = YES;
				SWIFT_COMPILATION_MODE = wholemodule;
				SWIFT_OPTIMIZATION_LEVEL = "-O";
			};
			name = Release;
		};
		61779C9D2A18778700E45B1E /* Debug */ = {
			isa = XCBuildConfiguration;
			buildSettings = {
				ASSETCATALOG_COMPILER_APPICON_NAME = AppIcon;
				ASSETCATALOG_COMPILER_GLOBAL_ACCENT_COLOR_NAME = AccentColor;
				CODE_SIGN_STYLE = Automatic;
				CURRENT_PROJECT_VERSION = 1;
				DEVELOPMENT_ASSET_PATHS = "\"BeatBildr Watch App/Preview Content\"";
				DEVELOPMENT_TEAM = C256H3ZXQ8;
				ENABLE_PREVIEWS = YES;
				GENERATE_INFOPLIST_FILE = YES;
				INFOPLIST_KEY_CFBundleDisplayName = BeatBildr;
				INFOPLIST_KEY_UISupportedInterfaceOrientations = "UIInterfaceOrientationPortrait UIInterfaceOrientationPortraitUpsideDown";
				INFOPLIST_KEY_WKWatchOnly = YES;
				LD_RUNPATH_SEARCH_PATHS = (
					"$(inherited)",
					"@executable_path/Frameworks",
				);
				MARKETING_VERSION = 1.0;
				PRODUCT_BUNDLE_IDENTIFIER = com.illtech.BeatBildr.watchkitapp;
				PRODUCT_NAME = "$(TARGET_NAME)";
				SDKROOT = watchos;
				SKIP_INSTALL = YES;
				SWIFT_EMIT_LOC_STRINGS = YES;
				SWIFT_VERSION = 5.0;
				TARGETED_DEVICE_FAMILY = 4;
				WATCHOS_DEPLOYMENT_TARGET = 9.4;
			};
			name = Debug;
		};
		61779C9E2A18778700E45B1E /* Release */ = {
			isa = XCBuildConfiguration;
			buildSettings = {
				ASSETCATALOG_COMPILER_APPICON_NAME = AppIcon;
				ASSETCATALOG_COMPILER_GLOBAL_ACCENT_COLOR_NAME = AccentColor;
				CODE_SIGN_STYLE = Automatic;
				CURRENT_PROJECT_VERSION = 1;
				DEVELOPMENT_ASSET_PATHS = "\"BeatBildr Watch App/Preview Content\"";
				DEVELOPMENT_TEAM = C256H3ZXQ8;
				ENABLE_PREVIEWS = YES;
				GENERATE_INFOPLIST_FILE = YES;
				INFOPLIST_KEY_CFBundleDisplayName = BeatBildr;
				INFOPLIST_KEY_UISupportedInterfaceOrientations = "UIInterfaceOrientationPortrait UIInterfaceOrientationPortraitUpsideDown";
				INFOPLIST_KEY_WKWatchOnly = YES;
				LD_RUNPATH_SEARCH_PATHS = (
					"$(inherited)",
					"@executable_path/Frameworks",
				);
				MARKETING_VERSION = 1.0;
				PRODUCT_BUNDLE_IDENTIFIER = com.illtech.BeatBildr.watchkitapp;
				PRODUCT_NAME = "$(TARGET_NAME)";
				SDKROOT = watchos;
				SKIP_INSTALL = YES;
				SWIFT_EMIT_LOC_STRINGS = YES;
				SWIFT_VERSION = 5.0;
				TARGETED_DEVICE_FAMILY = 4;
				VALIDATE_PRODUCT = YES;
				WATCHOS_DEPLOYMENT_TARGET = 9.4;
			};
			name = Release;
		};
		61779CA12A18778700E45B1E /* Debug */ = {
			isa = XCBuildConfiguration;
			buildSettings = {
				ALWAYS_EMBED_SWIFT_STANDARD_LIBRARIES = YES;
				CODE_SIGN_STYLE = Automatic;
				CURRENT_PROJECT_VERSION = 1;
				DEVELOPMENT_TEAM = C256H3ZXQ8;
				INFOPLIST_KEY_CFBundleDisplayName = BeatBildr;
				MARKETING_VERSION = 1.0;
				PRODUCT_BUNDLE_IDENTIFIER = com.illtech.BeatBildr;
				PRODUCT_NAME = "$(TARGET_NAME)";
				SDKROOT = iphoneos;
				SWIFT_VERSION = 5.0;
			};
			name = Debug;
		};
		61779CA22A18778700E45B1E /* Release */ = {
			isa = XCBuildConfiguration;
			buildSettings = {
				ALWAYS_EMBED_SWIFT_STANDARD_LIBRARIES = YES;
				CODE_SIGN_STYLE = Automatic;
				CURRENT_PROJECT_VERSION = 1;
				DEVELOPMENT_TEAM = C256H3ZXQ8;
				INFOPLIST_KEY_CFBundleDisplayName = BeatBildr;
				MARKETING_VERSION = 1.0;
				PRODUCT_BUNDLE_IDENTIFIER = com.illtech.BeatBildr;
				PRODUCT_NAME = "$(TARGET_NAME)";
				SDKROOT = iphoneos;
				SWIFT_VERSION = 5.0;
				VALIDATE_PRODUCT = YES;
			};
			name = Release;
		};
/* End XCBuildConfiguration section */

/* Begin XCConfigurationList section */
		61779C832A18778600E45B1E /* Build configuration list for PBXProject "BeatBildr" */ = {
			isa = XCConfigurationList;
			buildConfigurations = (
				61779C9A2A18778700E45B1E /* Debug */,
				61779C9B2A18778700E45B1E /* Release */,
			);
			defaultConfigurationIsVisible = 0;
			defaultConfigurationName = Release;
		};
		61779C9C2A18778700E45B1E /* Build configuration list for PBXNativeTarget "BeatBildr Watch App" */ = {
			isa = XCConfigurationList;
			buildConfigurations = (
				61779C9D2A18778700E45B1E /* Debug */,
				61779C9E2A18778700E45B1E /* Release */,
			);
			defaultConfigurationIsVisible = 0;
			defaultConfigurationName = Release;
		};
		61779CA02A18778700E45B1E /* Build configuration list for PBXNativeTarget "BeatBildr" */ = {
			isa = XCConfigurationList;
			buildConfigurations = (
				61779CA12A18778700E45B1E /* Debug */,
				61779CA22A18778700E45B1E /* Release */,
			);
			defaultConfigurationIsVisible = 0;
			defaultConfigurationName = Release;
		};
/* End XCConfigurationList section */
	};
	rootObject = 61779C802A18778600E45B1E /* Project object */;
}
